
Microsoft Visual Studio Solution File, Format Version 12.00
# Visual Studio Version 16
VisualStudioVersion = 16.0.30907.101
MinimumVisualStudioVersion = 10.0.40219.1
Project("{FAE04EC0-301F-11D3-BF4B-00C04F79EFBC}") = "EdgeAttachDemo", "EdgeAttachDemo\EdgeAttachDemo.csproj", "{681ECE1B-562E-4158-9351-0214326FAAFB}"
EndProject
Global
	GlobalSection(SolutionConfigurationPlatforms) = preSolution
		Debug|Any CPU = Debug|Any CPU
		Release|Any CPU = Release|Any CPU
	EndGlobalSection
	GlobalSection(ProjectConfigurationPlatforms) = postSolution
		{681ECE1B-562E-4158-9351-0214326FAAFB}.Debug|Any CPU.ActiveCfg = Debug|Any CPU
		{681ECE1B-562E-4158-9351-0214326FAAFB}.Debug|Any CPU.Build.0 = Debug|Any CPU
		{681ECE1B-562E-4158-9351-0214326FAAFB}.Release|Any CPU.ActiveCfg = Release|Any CPU
		{681ECE1B-562E-4158-9351-0214326FAAFB}.Release|Any CPU.Build.0 = Release|Any CPU
	EndGlobalSection
	GlobalSection(SolutionProperties) = preSolution
		HideSolutionNode = FALSE
	EndGlobalSection
	GlobalSection(ExtensibilityGlobals) = postSolution
		SolutionGuid = {44BF9E49-F656-4883-92D0-1E032D50D45C}
	EndGlobalSection
EndGlobal
